
Microsoft Visual Studio Solution File, Format Version 12.00
# Visual Studio Version 18
VisualStudioVersion = 18.2.11415.280 d18.0
MinimumVisualStudioVersion = 10.0.40219.1
Project("{FAE04EC0-301F-11D3-BF4B-00C04F79EFBC}") = "WebServerDomo11G.Server", "WebServerDomo11G.Server\WebServerDomo11G.Server.csproj", "{F39EE714-4104-4043-A4D0-EF566208D4BD}"
EndProject
Project("{FAE04EC0-301F-11D3-BF4B-00C04F79EFBC}") = "WebServerDomo11G.Demo", "WebServerDomo11G.Demo\WebServerDomo11G.Demo.csproj", "{5CC496F3-17B5-4ADA-887B-9BF9FEF6C7BD}"
EndProject
Global
	GlobalSection(SolutionConfigurationPlatforms) = preSolution
		Debug|Any CPU = Debug|Any CPU
		Release|Any CPU = Release|Any CPU
	EndGlobalSection
	GlobalSection(ProjectConfigurationPlatforms) = postSolution
		{F39EE714-4104-4043-A4D0-EF566208D4BD}.Debug|Any CPU.ActiveCfg = Debug|Any CPU
		{F39EE714-4104-4043-A4D0-EF566208D4BD}.Debug|Any CPU.Build.0 = Debug|Any CPU
		{F39EE714-4104-4043-A4D0-EF566208D4BD}.Release|Any CPU.ActiveCfg = Release|Any CPU
		{F39EE714-4104-4043-A4D0-EF566208D4BD}.Release|Any CPU.Build.0 = Release|Any CPU
		{5CC496F3-17B5-4ADA-887B-9BF9FEF6C7BD}.Debug|Any CPU.ActiveCfg = Debug|Any CPU
		{5CC496F3-17B5-4ADA-887B-9BF9FEF6C7BD}.Debug|Any CPU.Build.0 = Debug|Any CPU
		{5CC496F3-17B5-4ADA-887B-9BF9FEF6C7BD}.Release|Any CPU.ActiveCfg = Release|Any CPU
		{5CC496F3-17B5-4ADA-887B-9BF9FEF6C7BD}.Release|Any CPU.Build.0 = Release|Any CPU
	EndGlobalSection
	GlobalSection(SolutionProperties) = preSolution
		HideSolutionNode = FALSE
	EndGlobalSection
	GlobalSection(ExtensibilityGlobals) = postSolution
		SolutionGuid = {EA2B524B-4B29-4621-909D-384FD48AD785}
	EndGlobalSection
EndGlobal
